
Microsoft Visual Studio Solution File, Format Version 12.00
# Visual Studio Version 16
VisualStudioVersion = 25.0.1706.5
MinimumVisualStudioVersion = 10.0.40219.1
Project("{FAE04EC0-301F-11D3-BF4B-00C04F79EFBC}") = "ParkingLotDesign", "ParkingLotDesign.csproj", "{5532625B-D505-4D7A-AD53-49D9F13C9F06}"
EndProject
Global
	GlobalSection(SolutionConfigurationPlatforms) = preSolution
		Debug|Any CPU = Debug|Any CPU
		Release|Any CPU = Release|Any CPU
	EndGlobalSection
	GlobalSection(ProjectConfigurationPlatforms) = postSolution
		{5532625B-D505-4D7A-AD53-49D9F13C9F06}.Debug|Any CPU.ActiveCfg = Debug|Any CPU
		{5532625B-D505-4D7A-AD53-49D9F13C9F06}.Debug|Any CPU.Build.0 = Debug|Any CPU
		{5532625B-D505-4D7A-AD53-49D9F13C9F06}.Release|Any CPU.ActiveCfg = Release|Any CPU
		{5532625B-D505-4D7A-AD53-49D9F13C9F06}.Release|Any CPU.Build.0 = Release|Any CPU
	EndGlobalSection
	GlobalSection(SolutionProperties) = preSolution
		HideSolutionNode = FALSE
	EndGlobalSection
	GlobalSection(ExtensibilityGlobals) = postSolution
		SolutionGuid = {107BA656-2844-46E5-9E37-C1390614CF2B}
	EndGlobalSection
EndGlobal
